Microsoft Visual Studio Solution File, Format Version 7.00
Project("{8BC9CEB8-8B4A-11D0-8D11-00A0C91BC942}") = "SkyBox", "SkyBox.vcproj", "{F35D73EB-8138-4A0B-A620-54A7F32DE084}"
EndProject
Project("{8BC9CEB8-8B4A-11D0-8D11-00A0C91BC942}") = "DxUtility", "..\..\Libraries\DxUtility\DxUtility.vcproj", "{F93DC7A1-8517-45F9-886D-FD019441C453}"
EndProject
Project("{8BC9CEB8-8B4A-11D0-8D11-00A0C91BC942}") = "Dxx", "..\..\Libraries\Dxx\Dxx.vcproj", "{9B7EAFF0-47B7-4EB2-9EAC-57E59546010A}"
EndProject
Project("{8BC9CEB8-8B4A-11D0-8D11-00A0C91BC942}") = "Misc", "..\..\Libraries\Misc\Misc.vcproj", "{F36BE164-1668-44EC-ACE2-7FCA38292DFF}"
EndProject
Project("{8BC9CEB8-8B4A-11D0-8D11-00A0C91BC942}") = "Wx", "..\..\Libraries\Wx\Wx.vcproj", "{74AA5FCA-7659-4792-8FA8-42B9DFB2FA34}"
EndProject
Project("{8BC9CEB8-8B4A-11D0-8D11-00A0C91BC942}") = "Test", "Test\Test.vcproj", "{41CF68E9-452E-4C7D-9254-16477C39F3AB}"
EndProject
Project("{8BC9CEB8-8B4A-11D0-8D11-00A0C91BC942}") = "Time", "..\..\Libraries\Time\Time.vcproj", "{59661B78-3D6E-43FF-9B36-DBE355C9C1AC}"
EndProject
Global
	GlobalSection(SourceCodeControl) = preSolution
		SccNumberOfProjects = 7
		SccProjectName0 = Perforce\u0020Project
		SccLocalPath0 = .
		SccProvider0 = MSSCCI:Perforce\u0020SCM
		CanCheckoutShared = true
		SolutionUniqueID = {AE5634A0-CDF7-456B-8548-B15AEC488E20}
		SccProjectUniqueName1 = ..\\..\\Libraries\\DxUtility\\DxUtility.vcproj
		SccLocalPath1 = ..\\..\\Libraries\\DxUtility
		CanCheckoutShared = true
		SccProjectUniqueName2 = ..\\..\\Libraries\\Dxx\\Dxx.vcproj
		SccLocalPath2 = ..\\..\\Libraries\\Dxx
		CanCheckoutShared = true
		SccProjectUniqueName3 = ..\\..\\Libraries\\Misc\\Misc.vcproj
		SccLocalPath3 = ..\\..\\Libraries
		CanCheckoutShared = true
		SccProjectFilePathRelativizedFromConnection3 = Misc\\
		SccProjectUniqueName4 = ..\\..\\Libraries\\Wx\\Wx.vcproj
		SccLocalPath4 = ..\\..\\Libraries\\Wx
		CanCheckoutShared = true
		SccProjectUniqueName5 = ..\\..\\Libraries\\Time\\Time.vcproj
		SccLocalPath5 = ..\\..\\Libraries\\Time
		CanCheckoutShared = true
		SccProjectUniqueName6 = Test\\Test.vcproj
		SccLocalPath6 = .
		CanCheckoutShared = true
		SccProjectFilePathRelativizedFromConnection6 = Test\\
	EndGlobalSection
	GlobalSection(SolutionConfiguration) = preSolution
		ConfigName.0 = Debug
		ConfigName.1 = Profile
		ConfigName.2 = Release
	EndGlobalSection
	GlobalSection(ProjectDependencies) = postSolution
		{41CF68E9-452E-4C7D-9254-16477C39F3AB}.0 = {9B7EAFF0-47B7-4EB2-9EAC-57E59546010A}
		{41CF68E9-452E-4C7D-9254-16477C39F3AB}.1 = {F36BE164-1668-44EC-ACE2-7FCA38292DFF}
		{41CF68E9-452E-4C7D-9254-16477C39F3AB}.2 = {F35D73EB-8138-4A0B-A620-54A7F32DE084}
		{41CF68E9-452E-4C7D-9254-16477C39F3AB}.3 = {74AA5FCA-7659-4792-8FA8-42B9DFB2FA34}
		{41CF68E9-452E-4C7D-9254-16477C39F3AB}.4 = {59661B78-3D6E-43FF-9B36-DBE355C9C1AC}
		{41CF68E9-452E-4C7D-9254-16477C39F3AB}.5 = {F93DC7A1-8517-45F9-886D-FD019441C453}
	EndGlobalSection
	GlobalSection(ProjectConfiguration) = postSolution
		{F35D73EB-8138-4A0B-A620-54A7F32DE084}.Debug.ActiveCfg = Debug|Win32
		{F35D73EB-8138-4A0B-A620-54A7F32DE084}.Debug.Build.0 = Debug|Win32
		{F35D73EB-8138-4A0B-A620-54A7F32DE084}.Profile.ActiveCfg = Release|Win32
		{F35D73EB-8138-4A0B-A620-54A7F32DE084}.Profile.Build.0 = Release|Win32
		{F35D73EB-8138-4A0B-A620-54A7F32DE084}.Release.ActiveCfg = Release|Win32
		{F35D73EB-8138-4A0B-A620-54A7F32DE084}.Release.Build.0 = Release|Win32
		{F93DC7A1-8517-45F9-886D-FD019441C453}.Debug.ActiveCfg = Debug|Win32
		{F93DC7A1-8517-45F9-886D-FD019441C453}.Debug.Build.0 = Debug|Win32
		{F93DC7A1-8517-45F9-886D-FD019441C453}.Profile.ActiveCfg = Profile|Win32
		{F93DC7A1-8517-45F9-886D-FD019441C453}.Profile.Build.0 = Profile|Win32
		{F93DC7A1-8517-45F9-886D-FD019441C453}.Release.ActiveCfg = Release|Win32
		{F93DC7A1-8517-45F9-886D-FD019441C453}.Release.Build.0 = Release|Win32
		{9B7EAFF0-47B7-4EB2-9EAC-57E59546010A}.Debug.ActiveCfg = Debug|Win32
		{9B7EAFF0-47B7-4EB2-9EAC-57E59546010A}.Debug.Build.0 = Debug|Win32
		{9B7EAFF0-47B7-4EB2-9EAC-57E59546010A}.Profile.ActiveCfg = Profile|Win32
		{9B7EAFF0-47B7-4EB2-9EAC-57E59546010A}.Profile.Build.0 = Profile|Win32
		{9B7EAFF0-47B7-4EB2-9EAC-57E59546010A}.Release.ActiveCfg = Release|Win32
		{9B7EAFF0-47B7-4EB2-9EAC-57E59546010A}.Release.Build.0 = Release|Win32
		{F36BE164-1668-44EC-ACE2-7FCA38292DFF}.Debug.ActiveCfg = Debug|Win32
		{F36BE164-1668-44EC-ACE2-7FCA38292DFF}.Debug.Build.0 = Debug|Win32
		{F36BE164-1668-44EC-ACE2-7FCA38292DFF}.Profile.ActiveCfg = Profile|Win32
		{F36BE164-1668-44EC-ACE2-7FCA38292DFF}.Profile.Build.0 = Profile|Win32
		{F36BE164-1668-44EC-ACE2-7FCA38292DFF}.Release.ActiveCfg = Release|Win32
		{F36BE164-1668-44EC-ACE2-7FCA38292DFF}.Release.Build.0 = Release|Win32
		{74AA5FCA-7659-4792-8FA8-42B9DFB2FA34}.Debug.ActiveCfg = Debug|Win32
		{74AA5FCA-7659-4792-8FA8-42B9DFB2FA34}.Debug.Build.0 = Debug|Win32
		{74AA5FCA-7659-4792-8FA8-42B9DFB2FA34}.Profile.ActiveCfg = Profile|Win32
		{74AA5FCA-7659-4792-8FA8-42B9DFB2FA34}.Profile.Build.0 = Profile|Win32
		{74AA5FCA-7659-4792-8FA8-42B9DFB2FA34}.Release.ActiveCfg = Release|Win32
		{74AA5FCA-7659-4792-8FA8-42B9DFB2FA34}.Release.Build.0 = Release|Win32
		{41CF68E9-452E-4C7D-9254-16477C39F3AB}.Debug.ActiveCfg = Debug|Win32
		{41CF68E9-452E-4C7D-9254-16477C39F3AB}.Debug.Build.0 = Debug|Win32
		{41CF68E9-452E-4C7D-9254-16477C39F3AB}.Profile.ActiveCfg = Release|Win32
		{41CF68E9-452E-4C7D-9254-16477C39F3AB}.Profile.Build.0 = Release|Win32
		{41CF68E9-452E-4C7D-9254-16477C39F3AB}.Release.ActiveCfg = Release|Win32
		{41CF68E9-452E-4C7D-9254-16477C39F3AB}.Release.Build.0 = Release|Win32
		{59661B78-3D6E-43FF-9B36-DBE355C9C1AC}.Debug.ActiveCfg = Debug|Win32
		{59661B78-3D6E-43FF-9B36-DBE355C9C1AC}.Debug.Build.0 = Debug|Win32
		{59661B78-3D6E-43FF-9B36-DBE355C9C1AC}.Profile.ActiveCfg = Debug|Win32
		{59661B78-3D6E-43FF-9B36-DBE355C9C1AC}.Profile.Build.0 = Debug|Win32
		{59661B78-3D6E-43FF-9B36-DBE355C9C1AC}.Release.ActiveCfg = Release|Win32
		{59661B78-3D6E-43FF-9B36-DBE355C9C1AC}.Release.Build.0 = Release|Win32
	EndGlobalSection
	GlobalSection(ExtensibilityGlobals) = postSolution
	EndGlobalSection
	GlobalSection(ExtensibilityAddIns) = postSolution
	EndGlobalSection
EndGlobal
