Microsoft Visual Studio Solution File, Format Version 7.00
Project("{8BC9CEB8-8B4A-11D0-8D11-00A0C91BC942}") = "LensFlare", "LensFlare.vcproj", "{82ECFBDC-A372-49DE-9AE5-75926A322160}"
EndProject
Project("{8BC9CEB8-8B4A-11D0-8D11-00A0C91BC942}") = "Test", "Test\Test.vcproj", "{7F08BB35-AE06-4E01-9C4C-3B8BE4D00917}"
EndProject
Global
	GlobalSection(SourceCodeControl) = preSolution
		SccNumberOfProjects = 3
		SccProjectName0 = Perforce\u0020Project
		SccLocalPath0 = .
		SccProvider0 = MSSCCI:Perforce\u0020SCM
		CanCheckoutShared = true
		SolutionUniqueID = {A6334103-AB60-4862-B9BC-129BEDA1B9D0}
		SccProjectUniqueName1 = LensFlare.vcproj
		SccLocalPath1 = .
		CanCheckoutShared = true
		SccProjectUniqueName2 = Test\\Test.vcproj
		SccLocalPath2 = .
		CanCheckoutShared = true
		SccProjectFilePathRelativizedFromConnection2 = Test\\
	EndGlobalSection
	GlobalSection(SolutionConfiguration) = preSolution
		ConfigName.0 = Debug
		ConfigName.1 = Release
	EndGlobalSection
	GlobalSection(ProjectDependencies) = postSolution
		{7F08BB35-AE06-4E01-9C4C-3B8BE4D00917}.0 = {82ECFBDC-A372-49DE-9AE5-75926A322160}
	EndGlobalSection
	GlobalSection(ProjectConfiguration) = postSolution
		{82ECFBDC-A372-49DE-9AE5-75926A322160}.Debug.ActiveCfg = Debug|Win32
		{82ECFBDC-A372-49DE-9AE5-75926A322160}.Debug.Build.0 = Debug|Win32
		{82ECFBDC-A372-49DE-9AE5-75926A322160}.Release.ActiveCfg = Release|Win32
		{82ECFBDC-A372-49DE-9AE5-75926A322160}.Release.Build.0 = Release|Win32
		{7F08BB35-AE06-4E01-9C4C-3B8BE4D00917}.Debug.ActiveCfg = Debug|Win32
		{7F08BB35-AE06-4E01-9C4C-3B8BE4D00917}.Debug.Build.0 = Debug|Win32
		{7F08BB35-AE06-4E01-9C4C-3B8BE4D00917}.Release.ActiveCfg = Release|Win32
		{7F08BB35-AE06-4E01-9C4C-3B8BE4D00917}.Release.Build.0 = Release|Win32
	EndGlobalSection
	GlobalSection(ExtensibilityGlobals) = postSolution
	EndGlobalSection
	GlobalSection(ExtensibilityAddIns) = postSolution
	EndGlobalSection
EndGlobal
